
Microsoft Visual Studio Solution File, Format Version 12.00
# Visual Studio 2013
VisualStudioVersion = 12.0.30110.0
MinimumVisualStudioVersion = 10.0.40219.1
Project("{FAE04EC0-301F-11D3-BF4B-00C04F79EFBC}") = "ProfileConvertor", "ProfileConvertor\ProfileConvertor.csproj", "{1CF3FBE3-F425-4041-AF7F-F9AFC05F2146}"
EndProject
Project("{FAE04EC0-301F-11D3-BF4B-00C04F79EFBC}") = "EOBase", "Base\EOBase.csproj", "{8B4FCD83-6C56-4BCB-8C34-9F26A19D5E97}"
EndProject
Project("{FAE04EC0-301F-11D3-BF4B-00C04F79EFBC}") = "AHDForms", "Forms\AHDForms.csproj", "{61F98A44-6B77-4025-A99C-20243C616F47}"
EndProject
Project("{FAE04EC0-301F-11D3-BF4B-00C04F79EFBC}") = "AHDUtilities", "Utilities\AHDUtilities.csproj", "{E20586E9-67BE-42E7-AFF1-F9CFF69BD877}"
EndProject
Project("{FAE04EC0-301F-11D3-BF4B-00C04F79EFBC}") = "Core", "..\Core\Core.csproj", "{99D4A9AF-B86A-41FF-9A06-C3063E8479E1}"
EndProject
Project("{FAE04EC0-301F-11D3-BF4B-00C04F79EFBC}") = "Services", "..\Services\Services.csproj", "{43B1B977-1B03-49B8-922B-471342F560A5}"
EndProject
Global
	GlobalSection(SolutionConfigurationPlatforms) = preSolution
		Debug|Any CPU = Debug|Any CPU
		Debug|x64 = Debug|x64
		Debug|x86 = Debug|x86
		Release|Any CPU = Release|Any CPU
		Release|x64 = Release|x64
		Release|x86 = Release|x86
		x86|Any CPU = x86|Any CPU
		x86|x64 = x86|x64
		x86|x86 = x86|x86
	EndGlobalSection
	GlobalSection(ProjectConfigurationPlatforms) = postSolution
		{1CF3FBE3-F425-4041-AF7F-F9AFC05F2146}.Debug|Any CPU.ActiveCfg = Debug|Any CPU
		{1CF3FBE3-F425-4041-AF7F-F9AFC05F2146}.Debug|Any CPU.Build.0 = Debug|Any CPU
		{1CF3FBE3-F425-4041-AF7F-F9AFC05F2146}.Debug|x64.ActiveCfg = Debug|Any CPU
		{1CF3FBE3-F425-4041-AF7F-F9AFC05F2146}.Debug|x86.ActiveCfg = Debug|Any CPU
		{1CF3FBE3-F425-4041-AF7F-F9AFC05F2146}.Release|Any CPU.ActiveCfg = Release|Any CPU
		{1CF3FBE3-F425-4041-AF7F-F9AFC05F2146}.Release|Any CPU.Build.0 = Release|Any CPU
		{1CF3FBE3-F425-4041-AF7F-F9AFC05F2146}.Release|x64.ActiveCfg = Release|Any CPU
		{1CF3FBE3-F425-4041-AF7F-F9AFC05F2146}.Release|x86.ActiveCfg = Release|Any CPU
		{1CF3FBE3-F425-4041-AF7F-F9AFC05F2146}.x86|Any CPU.ActiveCfg = Release|Any CPU
		{1CF3FBE3-F425-4041-AF7F-F9AFC05F2146}.x86|Any CPU.Build.0 = Release|Any CPU
		{1CF3FBE3-F425-4041-AF7F-F9AFC05F2146}.x86|x64.ActiveCfg = Release|Any CPU
		{1CF3FBE3-F425-4041-AF7F-F9AFC05F2146}.x86|x86.ActiveCfg = Release|Any CPU
		{8B4FCD83-6C56-4BCB-8C34-9F26A19D5E97}.Debug|Any CPU.ActiveCfg = Debug|Any CPU
		{8B4FCD83-6C56-4BCB-8C34-9F26A19D5E97}.Debug|Any CPU.Build.0 = Debug|Any CPU
		{8B4FCD83-6C56-4BCB-8C34-9F26A19D5E97}.Debug|x64.ActiveCfg = Debug|Any CPU
		{8B4FCD83-6C56-4BCB-8C34-9F26A19D5E97}.Debug|x86.ActiveCfg = Debug|x86
		{8B4FCD83-6C56-4BCB-8C34-9F26A19D5E97}.Debug|x86.Build.0 = Debug|x86
		{8B4FCD83-6C56-4BCB-8C34-9F26A19D5E97}.Release|Any CPU.ActiveCfg = Release|Any CPU
		{8B4FCD83-6C56-4BCB-8C34-9F26A19D5E97}.Release|Any CPU.Build.0 = Release|Any CPU
		{8B4FCD83-6C56-4BCB-8C34-9F26A19D5E97}.Release|x64.ActiveCfg = Release|Any CPU
		{8B4FCD83-6C56-4BCB-8C34-9F26A19D5E97}.Release|x86.ActiveCfg = Release|x86
		{8B4FCD83-6C56-4BCB-8C34-9F26A19D5E97}.Release|x86.Build.0 = Release|x86
		{8B4FCD83-6C56-4BCB-8C34-9F26A19D5E97}.x86|Any CPU.ActiveCfg = x86|Any CPU
		{8B4FCD83-6C56-4BCB-8C34-9F26A19D5E97}.x86|Any CPU.Build.0 = x86|Any CPU
		{8B4FCD83-6C56-4BCB-8C34-9F26A19D5E97}.x86|x64.ActiveCfg = x86|Any CPU
		{8B4FCD83-6C56-4BCB-8C34-9F26A19D5E97}.x86|x86.ActiveCfg = x86|x86
		{8B4FCD83-6C56-4BCB-8C34-9F26A19D5E97}.x86|x86.Build.0 = x86|x86
		{61F98A44-6B77-4025-A99C-20243C616F47}.Debug|Any CPU.ActiveCfg = Debug|Any CPU
		{61F98A44-6B77-4025-A99C-20243C616F47}.Debug|Any CPU.Build.0 = Debug|Any CPU
		{61F98A44-6B77-4025-A99C-20243C616F47}.Debug|x64.ActiveCfg = Debug|Any CPU
		{61F98A44-6B77-4025-A99C-20243C616F47}.Debug|x86.ActiveCfg = Debug|x86
		{61F98A44-6B77-4025-A99C-20243C616F47}.Debug|x86.Build.0 = Debug|x86
		{61F98A44-6B77-4025-A99C-20243C616F47}.Release|Any CPU.ActiveCfg = Release|Any CPU
		{61F98A44-6B77-4025-A99C-20243C616F47}.Release|Any CPU.Build.0 = Release|Any CPU
		{61F98A44-6B77-4025-A99C-20243C616F47}.Release|x64.ActiveCfg = Release|Any CPU
		{61F98A44-6B77-4025-A99C-20243C616F47}.Release|x86.ActiveCfg = Release|x86
		{61F98A44-6B77-4025-A99C-20243C616F47}.Release|x86.Build.0 = Release|x86
		{61F98A44-6B77-4025-A99C-20243C616F47}.x86|Any CPU.ActiveCfg = x86|Any CPU
		{61F98A44-6B77-4025-A99C-20243C616F47}.x86|Any CPU.Build.0 = x86|Any CPU
		{61F98A44-6B77-4025-A99C-20243C616F47}.x86|x64.ActiveCfg = x86|Any CPU
		{61F98A44-6B77-4025-A99C-20243C616F47}.x86|x86.ActiveCfg = x86|x86
		{61F98A44-6B77-4025-A99C-20243C616F47}.x86|x86.Build.0 = x86|x86
		{E20586E9-67BE-42E7-AFF1-F9CFF69BD877}.Debug|Any CPU.ActiveCfg = Debug|Any CPU
		{E20586E9-67BE-42E7-AFF1-F9CFF69BD877}.Debug|Any CPU.Build.0 = Debug|Any CPU
		{E20586E9-67BE-42E7-AFF1-F9CFF69BD877}.Debug|x64.ActiveCfg = Debug|x64
		{E20586E9-67BE-42E7-AFF1-F9CFF69BD877}.Debug|x64.Build.0 = Debug|x64
		{E20586E9-67BE-42E7-AFF1-F9CFF69BD877}.Debug|x86.ActiveCfg = Debug|x86
		{E20586E9-67BE-42E7-AFF1-F9CFF69BD877}.Debug|x86.Build.0 = Debug|x86
		{E20586E9-67BE-42E7-AFF1-F9CFF69BD877}.Release|Any CPU.ActiveCfg = Release|Any CPU
		{E20586E9-67BE-42E7-AFF1-F9CFF69BD877}.Release|Any CPU.Build.0 = Release|Any CPU
		{E20586E9-67BE-42E7-AFF1-F9CFF69BD877}.Release|x64.ActiveCfg = Release|x64
		{E20586E9-67BE-42E7-AFF1-F9CFF69BD877}.Release|x64.Build.0 = Release|x64
		{E20586E9-67BE-42E7-AFF1-F9CFF69BD877}.Release|x86.ActiveCfg = Release|x86
		{E20586E9-67BE-42E7-AFF1-F9CFF69BD877}.Release|x86.Build.0 = Release|x86
		{E20586E9-67BE-42E7-AFF1-F9CFF69BD877}.x86|Any CPU.ActiveCfg = x86|Any CPU
		{E20586E9-67BE-42E7-AFF1-F9CFF69BD877}.x86|Any CPU.Build.0 = x86|Any CPU
		{E20586E9-67BE-42E7-AFF1-F9CFF69BD877}.x86|x64.ActiveCfg = x86|x64
		{E20586E9-67BE-42E7-AFF1-F9CFF69BD877}.x86|x64.Build.0 = x86|x64
		{E20586E9-67BE-42E7-AFF1-F9CFF69BD877}.x86|x86.ActiveCfg = x86|x86
		{E20586E9-67BE-42E7-AFF1-F9CFF69BD877}.x86|x86.Build.0 = x86|x86
		{99D4A9AF-B86A-41FF-9A06-C3063E8479E1}.Debug|Any CPU.ActiveCfg = Debug|Any CPU
		{99D4A9AF-B86A-41FF-9A06-C3063E8479E1}.Debug|Any CPU.Build.0 = Debug|Any CPU
		{99D4A9AF-B86A-41FF-9A06-C3063E8479E1}.Debug|x64.ActiveCfg = Debug|Any CPU
		{99D4A9AF-B86A-41FF-9A06-C3063E8479E1}.Debug|x86.ActiveCfg = Debug|x86
		{99D4A9AF-B86A-41FF-9A06-C3063E8479E1}.Debug|x86.Build.0 = Debug|x86
		{99D4A9AF-B86A-41FF-9A06-C3063E8479E1}.Release|Any CPU.ActiveCfg = Release|Any CPU
		{99D4A9AF-B86A-41FF-9A06-C3063E8479E1}.Release|Any CPU.Build.0 = Release|Any CPU
		{99D4A9AF-B86A-41FF-9A06-C3063E8479E1}.Release|x64.ActiveCfg = Release|Any CPU
		{99D4A9AF-B86A-41FF-9A06-C3063E8479E1}.Release|x86.ActiveCfg = Release|x86
		{99D4A9AF-B86A-41FF-9A06-C3063E8479E1}.Release|x86.Build.0 = Release|x86
		{99D4A9AF-B86A-41FF-9A06-C3063E8479E1}.x86|Any CPU.ActiveCfg = Release|Any CPU
		{99D4A9AF-B86A-41FF-9A06-C3063E8479E1}.x86|Any CPU.Build.0 = Release|Any CPU
		{99D4A9AF-B86A-41FF-9A06-C3063E8479E1}.x86|x64.ActiveCfg = Release|Any CPU
		{99D4A9AF-B86A-41FF-9A06-C3063E8479E1}.x86|x86.ActiveCfg = Release|x86
		{99D4A9AF-B86A-41FF-9A06-C3063E8479E1}.x86|x86.Build.0 = Release|x86
		{43B1B977-1B03-49B8-922B-471342F560A5}.Debug|Any CPU.ActiveCfg = Debug|Any CPU
		{43B1B977-1B03-49B8-922B-471342F560A5}.Debug|Any CPU.Build.0 = Debug|Any CPU
		{43B1B977-1B03-49B8-922B-471342F560A5}.Debug|x64.ActiveCfg = Debug|Any CPU
		{43B1B977-1B03-49B8-922B-471342F560A5}.Debug|x86.ActiveCfg = Debug|x86
		{43B1B977-1B03-49B8-922B-471342F560A5}.Debug|x86.Build.0 = Debug|x86
		{43B1B977-1B03-49B8-922B-471342F560A5}.Release|Any CPU.ActiveCfg = Release|Any CPU
		{43B1B977-1B03-49B8-922B-471342F560A5}.Release|Any CPU.Build.0 = Release|Any CPU
		{43B1B977-1B03-49B8-922B-471342F560A5}.Release|x64.ActiveCfg = Release|Any CPU
		{43B1B977-1B03-49B8-922B-471342F560A5}.Release|x86.ActiveCfg = Release|x86
		{43B1B977-1B03-49B8-922B-471342F560A5}.Release|x86.Build.0 = Release|x86
		{43B1B977-1B03-49B8-922B-471342F560A5}.x86|Any CPU.ActiveCfg = Release|Any CPU
		{43B1B977-1B03-49B8-922B-471342F560A5}.x86|Any CPU.Build.0 = Release|Any CPU
		{43B1B977-1B03-49B8-922B-471342F560A5}.x86|x64.ActiveCfg = Release|Any CPU
		{43B1B977-1B03-49B8-922B-471342F560A5}.x86|x86.ActiveCfg = Release|x86
		{43B1B977-1B03-49B8-922B-471342F560A5}.x86|x86.Build.0 = Release|x86
	EndGlobalSection
	GlobalSection(SolutionProperties) = preSolution
		HideSolutionNode = FALSE
	EndGlobalSection
EndGlobal
